// !$*UTF8*$!
{
	archiveVersion = 1;
	classes = {
	};
	objectVersion = 56;
	objects = {

/* Begin PBXBuildFile section */
		0DD90BFA3877DA7468F31107 /* Pods_Sport_SportUITests.framework in Frameworks */ = {isa = PBXBuildFile; fileRef = 6FDD385FB174B14D09455717 /* Pods_Sport_SportUITests.framework */; };
		70C0089885FB39961ECDF017 /* Pods_SportTests.framework in Frameworks */ = {isa = PBXBuildFile; fileRef = 2DD463DE6B993B1BB2E69D7B /* Pods_SportTests.framework */; };
		719C0FCFA28B27A6BB5954C4 /* Pods_Sport.framework in Frameworks */ = {isa = PBXBuildFile; fileRef = 440762C8CE3C84C99D83A7E4 /* Pods_Sport.framework */; };
		CA0E9D5E29AE8DFE00444EA0 /* FavouritesDataManager.swift in Sources */ = {isa = PBXBuildFile; fileRef = CA0E9D5D29AE8DFE00444EA0 /* FavouritesDataManager.swift */; };
		CA0E9D6029AE8E1E00444EA0 /* UserDefaultsStorageManager.swift in Sources */ = {isa = PBXBuildFile; fileRef = CA0E9D5F29AE8E1E00444EA0 /* UserDefaultsStorageManager.swift */; };
		CA39935A29B1096E00DE9136 /* PlistStorageManager.swift in Sources */ = {isa = PBXBuildFile; fileRef = CA39935929B1096E00DE9136 /* PlistStorageManager.swift */; };
		CA3B355429900AE800A4E3FF /* UIColorExtension.swift in Sources */ = {isa = PBXBuildFile; fileRef = CA3B355329900AE800A4E3FF /* UIColorExtension.swift */; };
		CA3F1FC329B8E60E001ECE87 /* FavouritesScheduleCollectionViewCell.swift in Sources */ = {isa = PBXBuildFile; fileRef = CA3F1FC229B8E60E001ECE87 /* FavouritesScheduleCollectionViewCell.swift */; };
		CA463915297AB739002488EA /* SportsDataManager.swift in Sources */ = {isa = PBXBuildFile; fileRef = CA463914297AB739002488EA /* SportsDataManager.swift */; };
		CA4746462981535A004FDD48 /* Sport.swift in Sources */ = {isa = PBXBuildFile; fileRef = CA4746452981535A004FDD48 /* Sport.swift */; };
		CA57A4D229786470005BE531 /* AppDelegate.swift in Sources */ = {isa = PBXBuildFile; fileRef = CA57A4D129786470005BE531 /* AppDelegate.swift */; };
		CA57A4D429786470005BE531 /* SceneDelegate.swift in Sources */ = {isa = PBXBuildFile; fileRef = CA57A4D329786470005BE531 /* SceneDelegate.swift */; };
		CA57A4D629786470005BE531 /* GeneralViewController.swift in Sources */ = {isa = PBXBuildFile; fileRef = CA57A4D529786470005BE531 /* GeneralViewController.swift */; };
		CA57A4DB29786471005BE531 /* Assets.xcassets in Resources */ = {isa = PBXBuildFile; fileRef = CA57A4DA29786471005BE531 /* Assets.xcassets */; };
		CA57A4DE29786471005BE531 /* LaunchScreen.storyboard in Resources */ = {isa = PBXBuildFile; fileRef = CA57A4DC29786471005BE531 /* LaunchScreen.storyboard */; };
		CA57A4E929786471005BE531 /* SportTests.swift in Sources */ = {isa = PBXBuildFile; fileRef = CA57A4E829786471005BE531 /* SportTests.swift */; };
		CA57A4F329786471005BE531 /* SportUITests.swift in Sources */ = {isa = PBXBuildFile; fileRef = CA57A4F229786471005BE531 /* SportUITests.swift */; };
		CA57A4F529786471005BE531 /* SportUITestsLaunchTests.swift in Sources */ = {isa = PBXBuildFile; fileRef = CA57A4F429786471005BE531 /* SportUITestsLaunchTests.swift */; };
		CA5AC9FF298ACB3C009F073D /* SportData.swift in Sources */ = {isa = PBXBuildFile; fileRef = CA5AC9FE298ACB3C009F073D /* SportData.swift */; };
		CA7E248529942E280007EB51 /* SportDetailsViewController.swift in Sources */ = {isa = PBXBuildFile; fileRef = CA7E248429942E280007EB51 /* SportDetailsViewController.swift */; };
		CA7E2487299431E60007EB51 /* TeamDetailsCollectionViewCell.swift in Sources */ = {isa = PBXBuildFile; fileRef = CA7E2486299431E60007EB51 /* TeamDetailsCollectionViewCell.swift */; };
		CA7E248A299432820007EB51 /* Team.swift in Sources */ = {isa = PBXBuildFile; fileRef = CA7E2489299432820007EB51 /* Team.swift */; };
		CA7E248E299433ED0007EB51 /* Schedule.swift in Sources */ = {isa = PBXBuildFile; fileRef = CA7E248D299433ED0007EB51 /* Schedule.swift */; };
		CAAA9B7C2996965A00484084 /* ScheduleDetailsCollectionViewCell.swift in Sources */ = {isa = PBXBuildFile; fileRef = CAAA9B7B2996965A00484084 /* ScheduleDetailsCollectionViewCell.swift */; };
		CAB4992729F2A5C600E2858D /* pokemon.swift in Sources */ = {isa = PBXBuildFile; fileRef = CAB4992629F2A5C600E2858D /* pokemon.swift */; };
		CAC720DA29B6419A00B66674 /* FavouritesTeamsCollectionViewCell.swift in Sources */ = {isa = PBXBuildFile; fileRef = CAC720D929B6419A00B66674 /* FavouritesTeamsCollectionViewCell.swift */; };
		CAF2EBBF297C267B009DD50C /* BaseCollectionViewCell.swift in Sources */ = {isa = PBXBuildFile; fileRef = CAF2EBBE297C267B009DD50C /* BaseCollectionViewCell.swift */; };
		CAF2EBC2297C26E7009DD50C /* SportTypesCollectionViewCell.swift in Sources */ = {isa = PBXBuildFile; fileRef = CAF2EBC1297C26E7009DD50C /* SportTypesCollectionViewCell.swift */; };
		CAF2F86A29786726006AA3DE /* CustomTabBarController.swift in Sources */ = {isa = PBXBuildFile; fileRef = CAF2F86929786726006AA3DE /* CustomTabBarController.swift */; };
		CAF2F86F2978679E006AA3DE /* FavouritesViewController.swift in Sources */ = {isa = PBXBuildFile; fileRef = CAF2F86E2978679E006AA3DE /* FavouritesViewController.swift */; };
/* End PBXBuildFile section */

/* Begin PBXContainerItemProxy section */
		CA57A4E529786471005BE531 /* PBXContainerItemProxy */ = {
			isa = PBXContainerItemProxy;
			containerPortal = CA57A4C629786470005BE531 /* Project object */;
			proxyType = 1;
			remoteGlobalIDString = CA57A4CD29786470005BE531;
			remoteInfo = Sport;
		};
		CA57A4EF29786471005BE531 /* PBXContainerItemProxy */ = {
			isa = PBXContainerItemProxy;
			containerPortal = CA57A4C629786470005BE531 /* Project object */;
			proxyType = 1;
			remoteGlobalIDString = CA57A4CD29786470005BE531;
			remoteInfo = Sport;
		};
/* End PBXContainerItemProxy section */

/* Begin PBXFileReference section */
		0651A18D27FE835B4794F3F1 /* Pods-Sport-SportUITests.debug.xcconfig */ = {isa = PBXFileReference; includeInIndex = 1; lastKnownFileType = text.xcconfig; name = "Pods-Sport-SportUITests.debug.xcconfig"; path = "Target Support Files/Pods-Sport-SportUITests/Pods-Sport-SportUITests.debug.xcconfig"; sourceTree = "<group>"; };
		2DD463DE6B993B1BB2E69D7B /* Pods_SportTests.framework */ = {isa = PBXFileReference; explicitFileType = wrapper.framework; includeInIndex = 0; path = Pods_SportTests.framework; sourceTree = BUILT_PRODUCTS_DIR; };
		440762C8CE3C84C99D83A7E4 /* Pods_Sport.framework */ = {isa = PBXFileReference; explicitFileType = wrapper.framework; includeInIndex = 0; path = Pods_Sport.framework; sourceTree = BUILT_PRODUCTS_DIR; };
		6FDD385FB174B14D09455717 /* Pods_Sport_SportUITests.framework */ = {isa = PBXFileReference; explicitFileType = wrapper.framework; includeInIndex = 0; path = Pods_Sport_SportUITests.framework; sourceTree = BUILT_PRODUCTS_DIR; };
		7A3EF7CA55BDB7AB292C3185 /* Pods-Sport.release.xcconfig */ = {isa = PBXFileReference; includeInIndex = 1; lastKnownFileType = text.xcconfig; name = "Pods-Sport.release.xcconfig"; path = "Target Support Files/Pods-Sport/Pods-Sport.release.xcconfig"; sourceTree = "<group>"; };
		8D3C7D323726CAD156D3D39D /* Pods-SportTests.debug.xcconfig */ = {isa = PBXFileReference; includeInIndex = 1; lastKnownFileType = text.xcconfig; name = "Pods-SportTests.debug.xcconfig"; path = "Target Support Files/Pods-SportTests/Pods-SportTests.debug.xcconfig"; sourceTree = "<group>"; };
		BE4B72F661B1BBF7A861B8B4 /* Pods-Sport-SportUITests.release.xcconfig */ = {isa = PBXFileReference; includeInIndex = 1; lastKnownFileType = text.xcconfig; name = "Pods-Sport-SportUITests.release.xcconfig"; path = "Target Support Files/Pods-Sport-SportUITests/Pods-Sport-SportUITests.release.xcconfig"; sourceTree = "<group>"; };
		C6B58AA703C6DD7B3A8CE023 /* Pods-SportTests.release.xcconfig */ = {isa = PBXFileReference; includeInIndex = 1; lastKnownFileType = text.xcconfig; name = "Pods-SportTests.release.xcconfig"; path = "Target Support Files/Pods-SportTests/Pods-SportTests.release.xcconfig"; sourceTree = "<group>"; };
		CA0E9D5D29AE8DFE00444EA0 /* FavouritesDataManager.swift */ = {isa = PBXFileReference; lastKnownFileType = sourcecode.swift; path = FavouritesDataManager.swift; sourceTree = "<group>"; };
		CA0E9D5F29AE8E1E00444EA0 /* UserDefaultsStorageManager.swift */ = {isa = PBXFileReference; lastKnownFileType = sourcecode.swift; path = UserDefaultsStorageManager.swift; sourceTree = "<group>"; };
		CA39935929B1096E00DE9136 /* PlistStorageManager.swift */ = {isa = PBXFileReference; lastKnownFileType = sourcecode.swift; path = PlistStorageManager.swift; sourceTree = "<group>"; };
		CA3B355329900AE800A4E3FF /* UIColorExtension.swift */ = {isa = PBXFileReference; lastKnownFileType = sourcecode.swift; path = UIColorExtension.swift; sourceTree = "<group>"; };
		CA3F1FC229B8E60E001ECE87 /* FavouritesScheduleCollectionViewCell.swift */ = {isa = PBXFileReference; lastKnownFileType = sourcecode.swift; path = FavouritesScheduleCollectionViewCell.swift; sourceTree = "<group>"; };
		CA463914297AB739002488EA /* SportsDataManager.swift */ = {isa = PBXFileReference; lastKnownFileType = sourcecode.swift; path = SportsDataManager.swift; sourceTree = "<group>"; };
		CA4746452981535A004FDD48 /* Sport.swift */ = {isa = PBXFileReference; lastKnownFileType = sourcecode.swift; path = Sport.swift; sourceTree = "<group>"; };
		CA57A4CE29786470005BE531 /* Sport.app */ = {isa = PBXFileReference; explicitFileType = wrapper.application; includeInIndex = 0; path = Sport.app; sourceTree = BUILT_PRODUCTS_DIR; };
		CA57A4D129786470005BE531 /* AppDelegate.swift */ = {isa = PBXFileReference; lastKnownFileType = sourcecode.swift; path = AppDelegate.swift; sourceTree = "<group>"; };
		CA57A4D329786470005BE531 /* SceneDelegate.swift */ = {isa = PBXFileReference; lastKnownFileType = sourcecode.swift; path = SceneDelegate.swift; sourceTree = "<group>"; };
		CA57A4D529786470005BE531 /* GeneralViewController.swift */ = {isa = PBXFileReference; lastKnownFileType = sourcecode.swift; path = GeneralViewController.swift; sourceTree = "<group>"; };
		CA57A4DA29786471005BE531 /* Assets.xcassets */ = {isa = PBXFileReference; lastKnownFileType = folder.assetcatalog; path = Assets.xcassets; sourceTree = "<group>"; };
		CA57A4DD29786471005BE531 /* Base */ = {isa = PBXFileReference; lastKnownFileType = file.storyboard; name = Base; path = Base.lproj/LaunchScreen.storyboard; sourceTree = "<group>"; };
		CA57A4DF29786471005BE531 /* Info.plist */ = {isa = PBXFileReference; lastKnownFileType = text.plist.xml; path = Info.plist; sourceTree = "<group>"; };
		CA57A4E429786471005BE531 /* SportTests.xctest */ = {isa = PBXFileReference; explicitFileType = wrapper.cfbundle; includeInIndex = 0; path = SportTests.xctest; sourceTree = BUILT_PRODUCTS_DIR; };
		CA57A4E829786471005BE531 /* SportTests.swift */ = {isa = PBXFileReference; lastKnownFileType = sourcecode.swift; path = SportTests.swift; sourceTree = "<group>"; };
		CA57A4EE29786471005BE531 /* SportUITests.xctest */ = {isa = PBXFileReference; explicitFileType = wrapper.cfbundle; includeInIndex = 0; path = SportUITests.xctest; sourceTree = BUILT_PRODUCTS_DIR; };
		CA57A4F229786471005BE531 /* SportUITests.swift */ = {isa = PBXFileReference; lastKnownFileType = sourcecode.swift; path = SportUITests.swift; sourceTree = "<group>"; };
		CA57A4F429786471005BE531 /* SportUITestsLaunchTests.swift */ = {isa = PBXFileReference; lastKnownFileType = sourcecode.swift; path = SportUITestsLaunchTests.swift; sourceTree = "<group>"; };
		CA5AC9FE298ACB3C009F073D /* SportData.swift */ = {isa = PBXFileReference; lastKnownFileType = sourcecode.swift; path = SportData.swift; sourceTree = "<group>"; };
		CA7E248429942E280007EB51 /* SportDetailsViewController.swift */ = {isa = PBXFileReference; lastKnownFileType = sourcecode.swift; path = SportDetailsViewController.swift; sourceTree = "<group>"; };
		CA7E2486299431E60007EB51 /* TeamDetailsCollectionViewCell.swift */ = {isa = PBXFileReference; lastKnownFileType = sourcecode.swift; path = TeamDetailsCollectionViewCell.swift; sourceTree = "<group>"; };
		CA7E2489299432820007EB51 /* Team.swift */ = {isa = PBXFileReference; lastKnownFileType = sourcecode.swift; path = Team.swift; sourceTree = "<group>"; };
		CA7E248D299433ED0007EB51 /* Schedule.swift */ = {isa = PBXFileReference; lastKnownFileType = sourcecode.swift; path = Schedule.swift; sourceTree = "<group>"; };
		CAAA9B7B2996965A00484084 /* ScheduleDetailsCollectionViewCell.swift */ = {isa = PBXFileReference; lastKnownFileType = sourcecode.swift; path = ScheduleDetailsCollectionViewCell.swift; sourceTree = "<group>"; };
		CAB4992629F2A5C600E2858D /* pokemon.swift */ = {isa = PBXFileReference; lastKnownFileType = sourcecode.swift; path = pokemon.swift; sourceTree = "<group>"; };
		CAC720D929B6419A00B66674 /* FavouritesTeamsCollectionViewCell.swift */ = {isa = PBXFileReference; lastKnownFileType = sourcecode.swift; path = FavouritesTeamsCollectionViewCell.swift; sourceTree = "<group>"; };
		CAF2EBBE297C267B009DD50C /* BaseCollectionViewCell.swift */ = {isa = PBXFileReference; lastKnownFileType = sourcecode.swift; path = BaseCollectionViewCell.swift; sourceTree = "<group>"; };
		CAF2EBC1297C26E7009DD50C /* SportTypesCollectionViewCell.swift */ = {isa = PBXFileReference; lastKnownFileType = sourcecode.swift; path = SportTypesCollectionViewCell.swift; sourceTree = "<group>"; };
		CAF2F86929786726006AA3DE /* CustomTabBarController.swift */ = {isa = PBXFileReference; lastKnownFileType = sourcecode.swift; path = CustomTabBarController.swift; sourceTree = "<group>"; };
		CAF2F86E2978679E006AA3DE /* FavouritesViewController.swift */ = {isa = PBXFileReference; lastKnownFileType = sourcecode.swift; path = FavouritesViewController.swift; sourceTree = "<group>"; };
		F91F03E6960BCDC6C2A35517 /* Pods-Sport.debug.xcconfig */ = {isa = PBXFileReference; includeInIndex = 1; lastKnownFileType = text.xcconfig; name = "Pods-Sport.debug.xcconfig"; path = "Target Support Files/Pods-Sport/Pods-Sport.debug.xcconfig"; sourceTree = "<group>"; };
/* End PBXFileReference section */

/* Begin PBXFrameworksBuildPhase section */
		CA57A4CB29786470005BE531 /* Frameworks */ = {
			isa = PBXFrameworksBuildPhase;
			buildActionMask = 2147483647;
			files = (
				719C0FCFA28B27A6BB5954C4 /* Pods_Sport.framework in Frameworks */,
			);
			runOnlyForDeploymentPostprocessing = 0;
		};
		CA57A4E129786471005BE531 /* Frameworks */ = {
			isa = PBXFrameworksBuildPhase;
			buildActionMask = 2147483647;
			files = (
				70C0089885FB39961ECDF017 /* Pods_SportTests.framework in Frameworks */,
			);
			runOnlyForDeploymentPostprocessing = 0;
		};
		CA57A4EB29786471005BE531 /* Frameworks */ = {
			isa = PBXFrameworksBuildPhase;
			buildActionMask = 2147483647;
			files = (
				0DD90BFA3877DA7468F31107 /* Pods_Sport_SportUITests.framework in Frameworks */,
			);
			runOnlyForDeploymentPostprocessing = 0;
		};
/* End PBXFrameworksBuildPhase section */

/* Begin PBXGroup section */
		096E77F6E6AFBD8FC710409D /* Pods */ = {
			isa = PBXGroup;
			children = (
				F91F03E6960BCDC6C2A35517 /* Pods-Sport.debug.xcconfig */,
				7A3EF7CA55BDB7AB292C3185 /* Pods-Sport.release.xcconfig */,
				0651A18D27FE835B4794F3F1 /* Pods-Sport-SportUITests.debug.xcconfig */,
				BE4B72F661B1BBF7A861B8B4 /* Pods-Sport-SportUITests.release.xcconfig */,
				8D3C7D323726CAD156D3D39D /* Pods-SportTests.debug.xcconfig */,
				C6B58AA703C6DD7B3A8CE023 /* Pods-SportTests.release.xcconfig */,
			);
			path = Pods;
			sourceTree = "<group>";
		};
		CA2E1B7029ACFE8E0081A694 /* DataManager */ = {
			isa = PBXGroup;
			children = (
				CA0E9D5D29AE8DFE00444EA0 /* FavouritesDataManager.swift */,
				CA0E9D5F29AE8E1E00444EA0 /* UserDefaultsStorageManager.swift */,
				CA39935929B1096E00DE9136 /* PlistStorageManager.swift */,
			);
			path = DataManager;
			sourceTree = "<group>";
		};
		CA3B355229900ACA00A4E3FF /* Extension */ = {
			isa = PBXGroup;
			children = (
				CA3B355329900AE800A4E3FF /* UIColorExtension.swift */,
			);
			path = Extension;
			sourceTree = "<group>";
		};
		CA4746472981535F004FDD48 /* Model */ = {
			isa = PBXGroup;
			children = (
				CA4746452981535A004FDD48 /* Sport.swift */,
			);
			path = Model;
			sourceTree = "<group>";
		};
		CA57A4C529786470005BE531 = {
			isa = PBXGroup;
			children = (
				CA57A4D029786470005BE531 /* Sport */,
				CA57A4E729786471005BE531 /* SportTests */,
				CA57A4F129786471005BE531 /* SportUITests */,
				CA57A4CF29786470005BE531 /* Products */,
				096E77F6E6AFBD8FC710409D /* Pods */,
				DB3321D1AC1E49C72C077AEA /* Frameworks */,
			);
			sourceTree = "<group>";
		};
		CA57A4CF29786470005BE531 /* Products */ = {
			isa = PBXGroup;
			children = (
				CA57A4CE29786470005BE531 /* Sport.app */,
				CA57A4E429786471005BE531 /* SportTests.xctest */,
				CA57A4EE29786471005BE531 /* SportUITests.xctest */,
			);
			name = Products;
			sourceTree = "<group>";
		};
		CA57A4D029786470005BE531 /* Sport */ = {
			isa = PBXGroup;
			children = (
				CA57A4D129786470005BE531 /* AppDelegate.swift */,
				CA57A4D329786470005BE531 /* SceneDelegate.swift */,
				CAB4992629F2A5C600E2858D /* pokemon.swift */,
				CAF2F86C29786740006AA3DE /* Main */,
				CAF2F86D2978674C006AA3DE /* General */,
				CA7E248329942DF60007EB51 /* SportDetails */,
				CAF2F870297867A2006AA3DE /* Favourites */,
				CA3B355229900ACA00A4E3FF /* Extension */,
				CA57A4DA29786471005BE531 /* Assets.xcassets */,
				CA57A4DC29786471005BE531 /* LaunchScreen.storyboard */,
				CA57A4DF29786471005BE531 /* Info.plist */,
			);
			path = Sport;
			sourceTree = "<group>";
		};
		CA57A4E729786471005BE531 /* SportTests */ = {
			isa = PBXGroup;
			children = (
				CA57A4E829786471005BE531 /* SportTests.swift */,
			);
			path = SportTests;
			sourceTree = "<group>";
		};
		CA57A4F129786471005BE531 /* SportUITests */ = {
			isa = PBXGroup;
			children = (
				CA57A4F229786471005BE531 /* SportUITests.swift */,
				CA57A4F429786471005BE531 /* SportUITestsLaunchTests.swift */,
			);
			path = SportUITests;
			sourceTree = "<group>";
		};
		CA7E248329942DF60007EB51 /* SportDetails */ = {
			isa = PBXGroup;
			children = (
				CA7E248429942E280007EB51 /* SportDetailsViewController.swift */,
				CA7E2488299431EA0007EB51 /* Cell */,
				CA7E248B299432D50007EB51 /* Model */,
			);
			path = SportDetails;
			sourceTree = "<group>";
		};
		CA7E2488299431EA0007EB51 /* Cell */ = {
			isa = PBXGroup;
			children = (
				CA7E2486299431E60007EB51 /* TeamDetailsCollectionViewCell.swift */,
				CAAA9B7B2996965A00484084 /* ScheduleDetailsCollectionViewCell.swift */,
			);
			path = Cell;
			sourceTree = "<group>";
		};
		CA7E248B299432D50007EB51 /* Model */ = {
			isa = PBXGroup;
			children = (
				CA7E2489299432820007EB51 /* Team.swift */,
				CA7E248D299433ED0007EB51 /* Schedule.swift */,
			);
			path = Model;
			sourceTree = "<group>";
		};
		CAC720DB29B6419D00B66674 /* Cell */ = {
			isa = PBXGroup;
			children = (
				CAC720D929B6419A00B66674 /* FavouritesTeamsCollectionViewCell.swift */,
				CA3F1FC229B8E60E001ECE87 /* FavouritesScheduleCollectionViewCell.swift */,
			);
			path = Cell;
			sourceTree = "<group>";
		};
		CAF2EBC0297C26D3009DD50C /* Cell */ = {
			isa = PBXGroup;
			children = (
				CAF2EBC1297C26E7009DD50C /* SportTypesCollectionViewCell.swift */,
			);
			path = Cell;
			sourceTree = "<group>";
		};
		CAF2F86C29786740006AA3DE /* Main */ = {
			isa = PBXGroup;
			children = (
				CAF2EBBE297C267B009DD50C /* BaseCollectionViewCell.swift */,
				CAF2F86929786726006AA3DE /* CustomTabBarController.swift */,
				CA463914297AB739002488EA /* SportsDataManager.swift */,
				CA5AC9FE298ACB3C009F073D /* SportData.swift */,
			);
			path = Main;
			sourceTree = "<group>";
		};
		CAF2F86D2978674C006AA3DE /* General */ = {
			isa = PBXGroup;
			children = (
				CA57A4D529786470005BE531 /* GeneralViewController.swift */,
				CAF2EBC0297C26D3009DD50C /* Cell */,
				CA4746472981535F004FDD48 /* Model */,
			);
			path = General;
			sourceTree = "<group>";
		};
		CAF2F870297867A2006AA3DE /* Favourites */ = {
			isa = PBXGroup;
			children = (
				CAF2F86E2978679E006AA3DE /* FavouritesViewController.swift */,
				CAC720DB29B6419D00B66674 /* Cell */,
				CA2E1B7029ACFE8E0081A694 /* DataManager */,
			);
			path = Favourites;
			sourceTree = "<group>";
		};
		DB3321D1AC1E49C72C077AEA /* Frameworks */ = {
			isa = PBXGroup;
			children = (
				440762C8CE3C84C99D83A7E4 /* Pods_Sport.framework */,
				6FDD385FB174B14D09455717 /* Pods_Sport_SportUITests.framework */,
				2DD463DE6B993B1BB2E69D7B /* Pods_SportTests.framework */,
			);
			name = Frameworks;
			sourceTree = "<group>";
		};
/* End PBXGroup section */

/* Begin PBXNativeTarget section */
		CA57A4CD29786470005BE531 /* Sport */ = {
			isa = PBXNativeTarget;
			buildConfigurationList = CA57A4F829786471005BE531 /* Build configuration list for PBXNativeTarget "Sport" */;
			buildPhases = (
				2B386568F601AB44390B2792 /* [CP] Check Pods Manifest.lock */,
				CA57A4CA29786470005BE531 /* Sources */,
				CA57A4CB29786470005BE531 /* Frameworks */,
				CA57A4CC29786470005BE531 /* Resources */,
				82D3DD0A98FD9FCFA1421929 /* [CP] Embed Pods Frameworks */,
			);
			buildRules = (
			);
			dependencies = (
			);
			name = Sport;
			productName = Sport;
			productReference = CA57A4CE29786470005BE531 /* Sport.app */;
			productType = "com.apple.product-type.application";
		};
		CA57A4E329786471005BE531 /* SportTests */ = {
			isa = PBXNativeTarget;
			buildConfigurationList = CA57A4FB29786471005BE531 /* Build configuration list for PBXNativeTarget "SportTests" */;
			buildPhases = (
				FD3A0B97852C2EBE240C15C0 /* [CP] Check Pods Manifest.lock */,
				CA57A4E029786471005BE531 /* Sources */,
				CA57A4E129786471005BE531 /* Frameworks */,
				CA57A4E229786471005BE531 /* Resources */,
			);
			buildRules = (
			);
			dependencies = (
				CA57A4E629786471005BE531 /* PBXTargetDependency */,
			);
			name = SportTests;
			productName = SportTests;
			productReference = CA57A4E429786471005BE531 /* SportTests.xctest */;
			productType = "com.apple.product-type.bundle.unit-test";
		};
		CA57A4ED29786471005BE531 /* SportUITests */ = {
			isa = PBXNativeTarget;
			buildConfigurationList = CA57A4FE29786471005BE531 /* Build configuration list for PBXNativeTarget "SportUITests" */;
			buildPhases = (
				D4974DA4FDFEBE632FAF1477 /* [CP] Check Pods Manifest.lock */,
				CA57A4EA29786471005BE531 /* Sources */,
				CA57A4EB29786471005BE531 /* Frameworks */,
				CA57A4EC29786471005BE531 /* Resources */,
				7FFC091BCAEFE44F0F6C8316 /* [CP] Embed Pods Frameworks */,
			);
			buildRules = (
			);
			dependencies = (
				CA57A4F029786471005BE531 /* PBXTargetDependency */,
			);
			name = SportUITests;
			productName = SportUITests;
			productReference = CA57A4EE29786471005BE531 /* SportUITests.xctest */;
			productType = "com.apple.product-type.bundle.ui-testing";
		};
/* End PBXNativeTarget section */

/* Begin PBXProject section */
		CA57A4C629786470005BE531 /* Project object */ = {
			isa = PBXProject;
			attributes = {
				BuildIndependentTargetsInParallel = 1;
				LastSwiftUpdateCheck = 1410;
				LastUpgradeCheck = 1410;
				TargetAttributes = {
					CA57A4CD29786470005BE531 = {
						CreatedOnToolsVersion = 14.1;
					};
					CA57A4E329786471005BE531 = {
						CreatedOnToolsVersion = 14.1;
						TestTargetID = CA57A4CD29786470005BE531;
					};
					CA57A4ED29786471005BE531 = {
						CreatedOnToolsVersion = 14.1;
						TestTargetID = CA57A4CD29786470005BE531;
					};
				};
			};
			buildConfigurationList = CA57A4C929786470005BE531 /* Build configuration list for PBXProject "Sport" */;
			compatibilityVersion = "Xcode 14.0";
			developmentRegion = en;
			hasScannedForEncodings = 0;
			knownRegions = (
				en,
				Base,
			);
			mainGroup = CA57A4C529786470005BE531;
			productRefGroup = CA57A4CF29786470005BE531 /* Products */;
			projectDirPath = "";
			projectRoot = "";
			targets = (
				CA57A4CD29786470005BE531 /* Sport */,
				CA57A4E329786471005BE531 /* SportTests */,
				CA57A4ED29786471005BE531 /* SportUITests */,
			);
		};
/* End PBXProject section */

/* Begin PBXResourcesBuildPhase section */
		CA57A4CC29786470005BE531 /* Resources */ = {
			isa = PBXResourcesBuildPhase;
			buildActionMask = 2147483647;
			files = (
				CA57A4DE29786471005BE531 /* LaunchScreen.storyboard in Resources */,
				CA57A4DB29786471005BE531 /* Assets.xcassets in Resources */,
			);
			runOnlyForDeploymentPostprocessing = 0;
		};
		CA57A4E229786471005BE531 /* Resources */ = {
			isa = PBXResourcesBuildPhase;
			buildActionMask = 2147483647;
			files = (
			);
			runOnlyForDeploymentPostprocessing = 0;
		};
		CA57A4EC29786471005BE531 /* Resources */ = {
			isa = PBXResourcesBuildPhase;
			buildActionMask = 2147483647;
			files = (
			);
			runOnlyForDeploymentPostprocessing = 0;
		};
/* End PBXResourcesBuildPhase section */

/* Begin PBXShellScriptBuildPhase section */
		2B386568F601AB44390B2792 /* [CP] Check Pods Manifest.lock */ = {
			isa = PBXShellScriptBuildPhase;
			buildActionMask = 2147483647;
			files = (
			);
			inputFileListPaths = (
			);
			inputPaths = (
				"${PODS_PODFILE_DIR_PATH}/Podfile.lock",
				"${PODS_ROOT}/Manifest.lock",
			);
			name = "[CP] Check Pods Manifest.lock";
			outputFileListPaths = (
			);
			outputPaths = (
				"$(DERIVED_FILE_DIR)/Pods-Sport-checkManifestLockResult.txt",
			);
			runOnlyForDeploymentPostprocessing = 0;
			shellPath = /bin/sh;
			shellScript = "diff \"${PODS_PODFILE_DIR_PATH}/Podfile.lock\" \"${PODS_ROOT}/Manifest.lock\" > /dev/null\nif [ $? != 0 ] ; then\n    # print error to STDERR\n    echo \"error: The sandbox is not in sync with the Podfile.lock. Run 'pod install' or update your CocoaPods installation.\" >&2\n    exit 1\nfi\n# This output is used by Xcode 'outputs' to avoid re-running this script phase.\necho \"SUCCESS\" > \"${SCRIPT_OUTPUT_FILE_0}\"\n";
			showEnvVarsInLog = 0;
		};
		7FFC091BCAEFE44F0F6C8316 /* [CP] Embed Pods Frameworks */ = {
			isa = PBXShellScriptBuildPhase;
			buildActionMask = 2147483647;
			files = (
			);
			inputFileListPaths = (
				"${PODS_ROOT}/Target Support Files/Pods-Sport-SportUITests/Pods-Sport-SportUITests-frameworks-${CONFIGURATION}-input-files.xcfilelist",
			);
			name = "[CP] Embed Pods Frameworks";
			outputFileListPaths = (
				"${PODS_ROOT}/Target Support Files/Pods-Sport-SportUITests/Pods-Sport-SportUITests-frameworks-${CONFIGURATION}-output-files.xcfilelist",
			);
			runOnlyForDeploymentPostprocessing = 0;
			shellPath = /bin/sh;
			shellScript = "\"${PODS_ROOT}/Target Support Files/Pods-Sport-SportUITests/Pods-Sport-SportUITests-frameworks.sh\"\n";
			showEnvVarsInLog = 0;
		};
		82D3DD0A98FD9FCFA1421929 /* [CP] Embed Pods Frameworks */ = {
			isa = PBXShellScriptBuildPhase;
			buildActionMask = 2147483647;
			files = (
			);
			inputFileListPaths = (
				"${PODS_ROOT}/Target Support Files/Pods-Sport/Pods-Sport-frameworks-${CONFIGURATION}-input-files.xcfilelist",
			);
			name = "[CP] Embed Pods Frameworks";
			outputFileListPaths = (
				"${PODS_ROOT}/Target Support Files/Pods-Sport/Pods-Sport-frameworks-${CONFIGURATION}-output-files.xcfilelist",
			);
			runOnlyForDeploymentPostprocessing = 0;
			shellPath = /bin/sh;
			shellScript = "\"${PODS_ROOT}/Target Support Files/Pods-Sport/Pods-Sport-frameworks.sh\"\n";
			showEnvVarsInLog = 0;
		};
		D4974DA4FDFEBE632FAF1477 /* [CP] Check Pods Manifest.lock */ = {
			isa = PBXShellScriptBuildPhase;
			buildActionMask = 2147483647;
			files = (
			);
			inputFileListPaths = (
			);
			inputPaths = (
				"${PODS_PODFILE_DIR_PATH}/Podfile.lock",
				"${PODS_ROOT}/Manifest.lock",
			);
			name = "[CP] Check Pods Manifest.lock";
			outputFileListPaths = (
			);
			outputPaths = (
				"$(DERIVED_FILE_DIR)/Pods-Sport-SportUITests-checkManifestLockResult.txt",
			);
			runOnlyForDeploymentPostprocessing = 0;
			shellPath = /bin/sh;
			shellScript = "diff \"${PODS_PODFILE_DIR_PATH}/Podfile.lock\" \"${PODS_ROOT}/Manifest.lock\" > /dev/null\nif [ $? != 0 ] ; then\n    # print error to STDERR\n    echo \"error: The sandbox is not in sync with the Podfile.lock. Run 'pod install' or update your CocoaPods installation.\" >&2\n    exit 1\nfi\n# This output is used by Xcode 'outputs' to avoid re-running this script phase.\necho \"SUCCESS\" > \"${SCRIPT_OUTPUT_FILE_0}\"\n";
			showEnvVarsInLog = 0;
		};
		FD3A0B97852C2EBE240C15C0 /* [CP] Check Pods Manifest.lock */ = {
			isa = PBXShellScriptBuildPhase;
			buildActionMask = 2147483647;
			files = (
			);
			inputFileListPaths = (
			);
			inputPaths = (
				"${PODS_PODFILE_DIR_PATH}/Podfile.lock",
				"${PODS_ROOT}/Manifest.lock",
			);
			name = "[CP] Check Pods Manifest.lock";
			outputFileListPaths = (
			);
			outputPaths = (
				"$(DERIVED_FILE_DIR)/Pods-SportTests-checkManifestLockResult.txt",
			);
			runOnlyForDeploymentPostprocessing = 0;
			shellPath = /bin/sh;
			shellScript = "diff \"${PODS_PODFILE_DIR_PATH}/Podfile.lock\" \"${PODS_ROOT}/Manifest.lock\" > /dev/null\nif [ $? != 0 ] ; then\n    # print error to STDERR\n    echo \"error: The sandbox is not in sync with the Podfile.lock. Run 'pod install' or update your CocoaPods installation.\" >&2\n    exit 1\nfi\n# This output is used by Xcode 'outputs' to avoid re-running this script phase.\necho \"SUCCESS\" > \"${SCRIPT_OUTPUT_FILE_0}\"\n";
			showEnvVarsInLog = 0;
		};
/* End PBXShellScriptBuildPhase section */

/* Begin PBXSourcesBuildPhase section */
		CA57A4CA29786470005BE531 /* Sources */ = {
			isa = PBXSourcesBuildPhase;
			buildActionMask = 2147483647;
			files = (
				CA7E248A299432820007EB51 /* Team.swift in Sources */,
				CA0E9D6029AE8E1E00444EA0 /* UserDefaultsStorageManager.swift in Sources */,
				CA57A4D629786470005BE531 /* GeneralViewController.swift in Sources */,
				CAB4992729F2A5C600E2858D /* pokemon.swift in Sources */,
				CAF2EBBF297C267B009DD50C /* BaseCollectionViewCell.swift in Sources */,
				CA7E248E299433ED0007EB51 /* Schedule.swift in Sources */,
				CA57A4D229786470005BE531 /* AppDelegate.swift in Sources */,
				CA4746462981535A004FDD48 /* Sport.swift in Sources */,
				CAF2F86A29786726006AA3DE /* CustomTabBarController.swift in Sources */,
				CA39935A29B1096E00DE9136 /* PlistStorageManager.swift in Sources */,
				CAF2F86F2978679E006AA3DE /* FavouritesViewController.swift in Sources */,
				CA3F1FC329B8E60E001ECE87 /* FavouritesScheduleCollectionViewCell.swift in Sources */,
				CA5AC9FF298ACB3C009F073D /* SportData.swift in Sources */,
				CA463915297AB739002488EA /* SportsDataManager.swift in Sources */,
				CAC720DA29B6419A00B66674 /* FavouritesTeamsCollectionViewCell.swift in Sources */,
				CA7E248529942E280007EB51 /* SportDetailsViewController.swift in Sources */,
				CA7E2487299431E60007EB51 /* TeamDetailsCollectionViewCell.swift in Sources */,
				CAAA9B7C2996965A00484084 /* ScheduleDetailsCollectionViewCell.swift in Sources */,
				CA3B355429900AE800A4E3FF /* UIColorExtension.swift in Sources */,
				CA57A4D429786470005BE531 /* SceneDelegate.swift in Sources */,
				CA0E9D5E29AE8DFE00444EA0 /* FavouritesDataManager.swift in Sources */,
				CAF2EBC2297C26E7009DD50C /* SportTypesCollectionViewCell.swift in Sources */,
			);
			runOnlyForDeploymentPostprocessing = 0;
		};
		CA57A4E029786471005BE531 /* Sources */ = {
			isa = PBXSourcesBuildPhase;
			buildActionMask = 2147483647;
			files = (
				CA57A4E929786471005BE531 /* SportTests.swift in Sources */,
			);
			runOnlyForDeploymentPostprocessing = 0;
		};
		CA57A4EA29786471005BE531 /* Sources */ = {
			isa = PBXSourcesBuildPhase;
			buildActionMask = 2147483647;
			files = (
				CA57A4F329786471005BE531 /* SportUITests.swift in Sources */,
				CA57A4F529786471005BE531 /* SportUITestsLaunchTests.swift in Sources */,
			);
			runOnlyForDeploymentPostprocessing = 0;
		};
/* End PBXSourcesBuildPhase section */

/* Begin PBXTargetDependency section */
		CA57A4E629786471005BE531 /* PBXTargetDependency */ = {
			isa = PBXTargetDependency;
			target = CA57A4CD29786470005BE531 /* Sport */;
			targetProxy = CA57A4E529786471005BE531 /* PBXContainerItemProxy */;
		};
		CA57A4F029786471005BE531 /* PBXTargetDependency */ = {
			isa = PBXTargetDependency;
			target = CA57A4CD29786470005BE531 /* Sport */;
			targetProxy = CA57A4EF29786471005BE531 /* PBXContainerItemProxy */;
		};
/* End PBXTargetDependency section */

/* Begin PBXVariantGroup section */
		CA57A4DC29786471005BE531 /* LaunchScreen.storyboard */ = {
			isa = PBXVariantGroup;
			children = (
				CA57A4DD29786471005BE531 /* Base */,
			);
			name = LaunchScreen.storyboard;
			sourceTree = "<group>";
		};
/* End PBXVariantGroup section */

/* Begin XCBuildConfiguration section */
		CA57A4F629786471005BE531 /* Debug */ = {
			isa = XCBuildConfiguration;
			buildSettings = {
				ALWAYS_SEARCH_USER_PATHS = NO;
				CLANG_ANALYZER_NONNULL = YES;
				CLANG_ANALYZER_NUMBER_OBJECT_CONVERSION = YES_AGGRESSIVE;
				CLANG_CXX_LANGUAGE_STANDARD = "gnu++20";
				CLANG_ENABLE_MODULES = YES;
				CLANG_ENABLE_OBJC_ARC = YES;
				CLANG_ENABLE_OBJC_WEAK = YES;
				CLANG_WARN_BLOCK_CAPTURE_AUTORELEASING = YES;
				CLANG_WARN_BOOL_CONVERSION = YES;
				CLANG_WARN_COMMA = YES;
				CLANG_WARN_CONSTANT_CONVERSION = YES;
				CLANG_WARN_DEPRECATED_OBJC_IMPLEMENTATIONS = YES;
				CLANG_WARN_DIRECT_OBJC_ISA_USAGE = YES_ERROR;
				CLANG_WARN_DOCUMENTATION_COMMENTS = YES;
				CLANG_WARN_EMPTY_BODY = YES;
				CLANG_WARN_ENUM_CONVERSION = YES;
				CLANG_WARN_INFINITE_RECURSION = YES;
				CLANG_WARN_INT_CONVERSION = YES;
				CLANG_WARN_NON_LITERAL_NULL_CONVERSION = YES;
				CLANG_WARN_OBJC_IMPLICIT_RETAIN_SELF = YES;
				CLANG_WARN_OBJC_LITERAL_CONVERSION = YES;
				CLANG_WARN_OBJC_ROOT_CLASS = YES_ERROR;
				CLANG_WARN_QUOTED_INCLUDE_IN_FRAMEWORK_HEADER = YES;
				CLANG_WARN_RANGE_LOOP_ANALYSIS = YES;
				CLANG_WARN_STRICT_PROTOTYPES = YES;
				CLANG_WARN_SUSPICIOUS_MOVE = YES;
				CLANG_WARN_UNGUARDED_AVAILABILITY = YES_AGGRESSIVE;
				CLANG_WARN_UNREACHABLE_CODE = YES;
				CLANG_WARN__DUPLICATE_METHOD_MATCH = YES;
				COPY_PHASE_STRIP = NO;
				DEBUG_INFORMATION_FORMAT = dwarf;
				ENABLE_STRICT_OBJC_MSGSEND = YES;
				ENABLE_TESTABILITY = YES;
				GCC_C_LANGUAGE_STANDARD = gnu11;
				GCC_DYNAMIC_NO_PIC = NO;
				GCC_NO_COMMON_BLOCKS = YES;
				GCC_OPTIMIZATION_LEVEL = 0;
				GCC_PREPROCESSOR_DEFINITIONS = (
					"DEBUG=1",
					"$(inherited)",
				);
				GCC_WARN_64_TO_32_BIT_CONVERSION = YES;
				GCC_WARN_ABOUT_RETURN_TYPE = YES_ERROR;
				GCC_WARN_UNDECLARED_SELECTOR = YES;
				GCC_WARN_UNINITIALIZED_AUTOS = YES_AGGRESSIVE;
				GCC_WARN_UNUSED_FUNCTION = YES;
				GCC_WARN_UNUSED_VARIABLE = YES;
				IPHONEOS_DEPLOYMENT_TARGET = 16.1;
				MTL_ENABLE_DEBUG_INFO = INCLUDE_SOURCE;
				MTL_FAST_MATH = YES;
				ONLY_ACTIVE_ARCH = YES;
				SDKROOT = iphoneos;
				SWIFT_ACTIVE_COMPILATION_CONDITIONS = DEBUG;
				SWIFT_OPTIMIZATION_LEVEL = "-Onone";
			};
			name = Debug;
		};
		CA57A4F729786471005BE531 /* Release */ = {
			isa = XCBuildConfiguration;
			buildSettings = {
				ALWAYS_SEARCH_USER_PATHS = NO;
				CLANG_ANALYZER_NONNULL = YES;
				CLANG_ANALYZER_NUMBER_OBJECT_CONVERSION = YES_AGGRESSIVE;
				CLANG_CXX_LANGUAGE_STANDARD = "gnu++20";
				CLANG_ENABLE_MODULES = YES;
				CLANG_ENABLE_OBJC_ARC = YES;
				CLANG_ENABLE_OBJC_WEAK = YES;
				CLANG_WARN_BLOCK_CAPTURE_AUTORELEASING = YES;
				CLANG_WARN_BOOL_CONVERSION = YES;
				CLANG_WARN_COMMA = YES;
				CLANG_WARN_CONSTANT_CONVERSION = YES;
				CLANG_WARN_DEPRECATED_OBJC_IMPLEMENTATIONS = YES;
				CLANG_WARN_DIRECT_OBJC_ISA_USAGE = YES_ERROR;
				CLANG_WARN_DOCUMENTATION_COMMENTS = YES;
				CLANG_WARN_EMPTY_BODY = YES;
				CLANG_WARN_ENUM_CONVERSION = YES;
				CLANG_WARN_INFINITE_RECURSION = YES;
				CLANG_WARN_INT_CONVERSION = YES;
				CLANG_WARN_NON_LITERAL_NULL_CONVERSION = YES;
				CLANG_WARN_OBJC_IMPLICIT_RETAIN_SELF = YES;
				CLANG_WARN_OBJC_LITERAL_CONVERSION = YES;
				CLANG_WARN_OBJC_ROOT_CLASS = YES_ERROR;
				CLANG_WARN_QUOTED_INCLUDE_IN_FRAMEWORK_HEADER = YES;
				CLANG_WARN_RANGE_LOOP_ANALYSIS = YES;
				CLANG_WARN_STRICT_PROTOTYPES = YES;
				CLANG_WARN_SUSPICIOUS_MOVE = YES;
				CLANG_WARN_UNGUARDED_AVAILABILITY = YES_AGGRESSIVE;
				CLANG_WARN_UNREACHABLE_CODE = YES;
				CLANG_WARN__DUPLICATE_METHOD_MATCH = YES;
				COPY_PHASE_STRIP = NO;
				DEBUG_INFORMATION_FORMAT = "dwarf-with-dsym";
				ENABLE_NS_ASSERTIONS = NO;
				ENABLE_STRICT_OBJC_MSGSEND = YES;
				GCC_C_LANGUAGE_STANDARD = gnu11;
				GCC_NO_COMMON_BLOCKS = YES;
				GCC_WARN_64_TO_32_BIT_CONVERSION = YES;
				GCC_WARN_ABOUT_RETURN_TYPE = YES_ERROR;
				GCC_WARN_UNDECLARED_SELECTOR = YES;
				GCC_WARN_UNINITIALIZED_AUTOS = YES_AGGRESSIVE;
				GCC_WARN_UNUSED_FUNCTION = YES;
				GCC_WARN_UNUSED_VARIABLE = YES;
				IPHONEOS_DEPLOYMENT_TARGET = 16.1;
				MTL_ENABLE_DEBUG_INFO = NO;
				MTL_FAST_MATH = YES;
				SDKROOT = iphoneos;
				SWIFT_COMPILATION_MODE = wholemodule;
				SWIFT_OPTIMIZATION_LEVEL = "-O";
				VALIDATE_PRODUCT = YES;
			};
			name = Release;
		};
		CA57A4F929786471005BE531 /* Debug */ = {
			isa = XCBuildConfiguration;
			baseConfigurationReference = F91F03E6960BCDC6C2A35517 /* Pods-Sport.debug.xcconfig */;
			buildSettings = {
				ASSETCATALOG_COMPILER_APPICON_NAME = AppIcon;
				ASSETCATALOG_COMPILER_GLOBAL_ACCENT_COLOR_NAME = AccentColor;
				CODE_SIGN_STYLE = Automatic;
				CURRENT_PROJECT_VERSION = 1;
				DEVELOPMENT_TEAM = WB3Y8FF57H;
				GENERATE_INFOPLIST_FILE = YES;
				INFOPLIST_FILE = Sport/Info.plist;
				INFOPLIST_KEY_UIApplicationSupportsIndirectInputEvents = YES;
				INFOPLIST_KEY_UILaunchStoryboardName = LaunchScreen;
				INFOPLIST_KEY_UISupportedInterfaceOrientations_iPad = "UIInterfaceOrientationPortrait UIInterfaceOrientationPortraitUpsideDown UIInterfaceOrientationLandscapeLeft UIInterfaceOrientationLandscapeRight";
				INFOPLIST_KEY_UISupportedInterfaceOrientations_iPhone = "UIInterfaceOrientationPortrait UIInterfaceOrientationLandscapeLeft UIInterfaceOrientationLandscapeRight";
				LD_RUNPATH_SEARCH_PATHS = (
					"$(inherited)",
					"@executable_path/Frameworks",
				);
				MARKETING_VERSION = 1.0;
				PRODUCT_BUNDLE_IDENTIFIER = yuliasimanavets.Sport;
				PRODUCT_NAME = "$(TARGET_NAME)";
				SWIFT_EMIT_LOC_STRINGS = YES;
				SWIFT_VERSION = 5.0;
				TARGETED_DEVICE_FAMILY = "1,2";
			};
			name = Debug;
		};
		CA57A4FA29786471005BE531 /* Release */ = {
			isa = XCBuildConfiguration;
			baseConfigurationReference = 7A3EF7CA55BDB7AB292C3185 /* Pods-Sport.release.xcconfig */;
			buildSettings = {
				ASSETCATALOG_COMPILER_APPICON_NAME = AppIcon;
				ASSETCATALOG_COMPILER_GLOBAL_ACCENT_COLOR_NAME = AccentColor;
				CODE_SIGN_STYLE = Automatic;
				CURRENT_PROJECT_VERSION = 1;
				DEVELOPMENT_TEAM = WB3Y8FF57H;
				GENERATE_INFOPLIST_FILE = YES;
				INFOPLIST_FILE = Sport/Info.plist;
				INFOPLIST_KEY_UIApplicationSupportsIndirectInputEvents = YES;
				INFOPLIST_KEY_UILaunchStoryboardName = LaunchScreen;
				INFOPLIST_KEY_UISupportedInterfaceOrientations_iPad = "UIInterfaceOrientationPortrait UIInterfaceOrientationPortraitUpsideDown UIInterfaceOrientationLandscapeLeft UIInterfaceOrientationLandscapeRight";
				INFOPLIST_KEY_UISupportedInterfaceOrientations_iPhone = "UIInterfaceOrientationPortrait UIInterfaceOrientationLandscapeLeft UIInterfaceOrientationLandscapeRight";
				LD_RUNPATH_SEARCH_PATHS = (
					"$(inherited)",
					"@executable_path/Frameworks",
				);
				MARKETING_VERSION = 1.0;
				PRODUCT_BUNDLE_IDENTIFIER = yuliasimanavets.Sport;
				PRODUCT_NAME = "$(TARGET_NAME)";
				SWIFT_EMIT_LOC_STRINGS = YES;
				SWIFT_VERSION = 5.0;
				TARGETED_DEVICE_FAMILY = "1,2";
			};
			name = Release;
		};
		CA57A4FC29786471005BE531 /* Debug */ = {
			isa = XCBuildConfiguration;
			baseConfigurationReference = 8D3C7D323726CAD156D3D39D /* Pods-SportTests.debug.xcconfig */;
			buildSettings = {
				ALWAYS_EMBED_SWIFT_STANDARD_LIBRARIES = YES;
				BUNDLE_LOADER = "$(TEST_HOST)";
				CODE_SIGN_STYLE = Automatic;
				CURRENT_PROJECT_VERSION = 1;
				DEVELOPMENT_TEAM = WB3Y8FF57H;
				GENERATE_INFOPLIST_FILE = YES;
				IPHONEOS_DEPLOYMENT_TARGET = 16.1;
				MARKETING_VERSION = 1.0;
				PRODUCT_BUNDLE_IDENTIFIER = yuliasimanavets.SportTests;
				PRODUCT_NAME = "$(TARGET_NAME)";
				SWIFT_EMIT_LOC_STRINGS = NO;
				SWIFT_VERSION = 5.0;
				TARGETED_DEVICE_FAMILY = "1,2";
				TEST_HOST = "$(BUILT_PRODUCTS_DIR)/Sport.app/$(BUNDLE_EXECUTABLE_FOLDER_PATH)/Sport";
			};
			name = Debug;
		};
		CA57A4FD29786471005BE531 /* Release */ = {
			isa = XCBuildConfiguration;
			baseConfigurationReference = C6B58AA703C6DD7B3A8CE023 /* Pods-SportTests.release.xcconfig */;
			buildSettings = {
				ALWAYS_EMBED_SWIFT_STANDARD_LIBRARIES = YES;
				BUNDLE_LOADER = "$(TEST_HOST)";
				CODE_SIGN_STYLE = Automatic;
				CURRENT_PROJECT_VERSION = 1;
				DEVELOPMENT_TEAM = WB3Y8FF57H;
				GENERATE_INFOPLIST_FILE = YES;
				IPHONEOS_DEPLOYMENT_TARGET = 16.1;
				MARKETING_VERSION = 1.0;
				PRODUCT_BUNDLE_IDENTIFIER = yuliasimanavets.SportTests;
				PRODUCT_NAME = "$(TARGET_NAME)";
				SWIFT_EMIT_LOC_STRINGS = NO;
				SWIFT_VERSION = 5.0;
				TARGETED_DEVICE_FAMILY = "1,2";
				TEST_HOST = "$(BUILT_PRODUCTS_DIR)/Sport.app/$(BUNDLE_EXECUTABLE_FOLDER_PATH)/Sport";
			};
			name = Release;
		};
		CA57A4FF29786471005BE531 /* Debug */ = {
			isa = XCBuildConfiguration;
			baseConfigurationReference = 0651A18D27FE835B4794F3F1 /* Pods-Sport-SportUITests.debug.xcconfig */;
			buildSettings = {
				ALWAYS_EMBED_SWIFT_STANDARD_LIBRARIES = YES;
				CODE_SIGN_STYLE = Automatic;
				CURRENT_PROJECT_VERSION = 1;
				DEVELOPMENT_TEAM = WB3Y8FF57H;
				GENERATE_INFOPLIST_FILE = YES;
				MARKETING_VERSION = 1.0;
				PRODUCT_BUNDLE_IDENTIFIER = yuliasimanavets.SportUITests;
				PRODUCT_NAME = "$(TARGET_NAME)";
				SWIFT_EMIT_LOC_STRINGS = NO;
				SWIFT_VERSION = 5.0;
				TARGETED_DEVICE_FAMILY = "1,2";
				TEST_TARGET_NAME = Sport;
			};
			name = Debug;
		};
		CA57A50029786471005BE531 /* Release */ = {
			isa = XCBuildConfiguration;
			baseConfigurationReference = BE4B72F661B1BBF7A861B8B4 /* Pods-Sport-SportUITests.release.xcconfig */;
			buildSettings = {
				ALWAYS_EMBED_SWIFT_STANDARD_LIBRARIES = YES;
				CODE_SIGN_STYLE = Automatic;
				CURRENT_PROJECT_VERSION = 1;
				DEVELOPMENT_TEAM = WB3Y8FF57H;
				GENERATE_INFOPLIST_FILE = YES;
				MARKETING_VERSION = 1.0;
				PRODUCT_BUNDLE_IDENTIFIER = yuliasimanavets.SportUITests;
				PRODUCT_NAME = "$(TARGET_NAME)";
				SWIFT_EMIT_LOC_STRINGS = NO;
				SWIFT_VERSION = 5.0;
				TARGETED_DEVICE_FAMILY = "1,2";
				TEST_TARGET_NAME = Sport;
			};
			name = Release;
		};
/* End XCBuildConfiguration section */

/* Begin XCConfigurationList section */
		CA57A4C929786470005BE531 /* Build configuration list for PBXProject "Sport" */ = {
			isa = XCConfigurationList;
			buildConfigurations = (
				CA57A4F629786471005BE531 /* Debug */,
				CA57A4F729786471005BE531 /* Release */,
			);
			defaultConfigurationIsVisible = 0;
			defaultConfigurationName = Release;
		};
		CA57A4F829786471005BE531 /* Build configuration list for PBXNativeTarget "Sport" */ = {
			isa = XCConfigurationList;
			buildConfigurations = (
				CA57A4F929786471005BE531 /* Debug */,
				CA57A4FA29786471005BE531 /* Release */,
			);
			defaultConfigurationIsVisible = 0;
			defaultConfigurationName = Release;
		};
		CA57A4FB29786471005BE531 /* Build configuration list for PBXNativeTarget "SportTests" */ = {
			isa = XCConfigurationList;
			buildConfigurations = (
				CA57A4FC29786471005BE531 /* Debug */,
				CA57A4FD29786471005BE531 /* Release */,
			);
			defaultConfigurationIsVisible = 0;
			defaultConfigurationName = Release;
		};
		CA57A4FE29786471005BE531 /* Build configuration list for PBXNativeTarget "SportUITests" */ = {
			isa = XCConfigurationList;
			buildConfigurations = (
				CA57A4FF29786471005BE531 /* Debug */,
				CA57A50029786471005BE531 /* Release */,
			);
			defaultConfigurationIsVisible = 0;
			defaultConfigurationName = Release;
		};
/* End XCConfigurationList section */
	};
	rootObject = CA57A4C629786470005BE531 /* Project object */;
}
